
Microsoft Visual Studio Solution File, Format Version 12.00
# Visual Studio Version 16
VisualStudioVersion = 16.0.29102.190
MinimumVisualStudioVersion = 10.0.40219.1
Project("{9A19103F-16F7-4668-BE54-9A1E7A4F7556}") = "PokerAppTestingProject", "PokerAppTestingProject.csproj", "{E8A175DC-2631-405D-A756-0A5F2ABC559E}"
EndProject
Global
	GlobalSection(SolutionConfigurationPlatforms) = preSolution
		Debug|Any CPU = Debug|Any CPU
		Debug|x64 = Debug|x64
		Release|Any CPU = Release|Any CPU
		Release|x64 = Release|x64
	EndGlobalSection
	GlobalSection(ProjectConfigurationPlatforms) = postSolution
		{E8A175DC-2631-405D-A756-0A5F2ABC559E}.Debug|Any CPU.ActiveCfg = Debug|Any CPU
		{E8A175DC-2631-405D-A756-0A5F2ABC559E}.Debug|Any CPU.Build.0 = Debug|Any CPU
		{E8A175DC-2631-405D-A756-0A5F2ABC559E}.Debug|x64.ActiveCfg = Debug|x64
		{E8A175DC-2631-405D-A756-0A5F2ABC559E}.Debug|x64.Build.0 = Debug|x64
		{E8A175DC-2631-405D-A756-0A5F2ABC559E}.Release|Any CPU.ActiveCfg = Release|Any CPU
		{E8A175DC-2631-405D-A756-0A5F2ABC559E}.Release|Any CPU.Build.0 = Release|Any CPU
		{E8A175DC-2631-405D-A756-0A5F2ABC559E}.Release|x64.ActiveCfg = Release|x64
		{E8A175DC-2631-405D-A756-0A5F2ABC559E}.Release|x64.Build.0 = Release|x64
	EndGlobalSection
	GlobalSection(SolutionProperties) = preSolution
		HideSolutionNode = FALSE
	EndGlobalSection
	GlobalSection(ExtensibilityGlobals) = postSolution
		SolutionGuid = {C1704F03-43CB-4D57-A567-97BBDB5CBEF4}
	EndGlobalSection
EndGlobal
