
Microsoft Visual Studio Solution File, Format Version 12.00
# Visual Studio Version 16
VisualStudioVersion = 16.0.29102.190
MinimumVisualStudioVersion = 10.0.40219.1
Project("{9A19103F-16F7-4668-BE54-9A1E7A4F7556}") = "PokerConsoleApp", "PokerConsoleApp.csproj", "{A86D9174-86AA-4F90-A46E-FAB3322F2D1D}"
	ProjectSection(ProjectDependencies) = postProject
		{3A3031E4-3E77-4DBC-A4F9-3AA4D4592700} = {3A3031E4-3E77-4DBC-A4F9-3AA4D4592700}
	EndProjectSection
EndProject
Project("{2150E333-8FDC-42A3-9474-1A3956D46DE8}") = "Solution Items", "Solution Items", "{6552F773-4183-4309-AF3B-DD3AD63BD354}"
EndProject
Project("{9A19103F-16F7-4668-BE54-9A1E7A4F7556}") = "PairHandDictionaryBuilder", "..\PairHandDictionaryBuilder\PairHandDictionaryBuilder.csproj", "{CA3E8790-298D-4643-A866-9297224B6D2E}"
EndProject
Project("{9A19103F-16F7-4668-BE54-9A1E7A4F7556}") = "PokerLib", "..\PokerDictionaries\PokerLib.csproj", "{3A3031E4-3E77-4DBC-A4F9-3AA4D4592700}"
EndProject
Project("{FAE04EC0-301F-11D3-BF4B-00C04F79EFBC}") = "PokerTests", "..\PokerTests\PokerTests.csproj", "{A1949C3B-F3AF-444E-B8A4-276EE8B30C41}"
EndProject
Global
	GlobalSection(SolutionConfigurationPlatforms) = preSolution
		Debug|Any CPU = Debug|Any CPU
		Debug|x64 = Debug|x64
		Release|Any CPU = Release|Any CPU
		Release|x64 = Release|x64
	EndGlobalSection
	GlobalSection(ProjectConfigurationPlatforms) = postSolution
		{A86D9174-86AA-4F90-A46E-FAB3322F2D1D}.Debug|Any CPU.ActiveCfg = Debug|Any CPU
		{A86D9174-86AA-4F90-A46E-FAB3322F2D1D}.Debug|Any CPU.Build.0 = Debug|Any CPU
		{A86D9174-86AA-4F90-A46E-FAB3322F2D1D}.Debug|x64.ActiveCfg = Debug|x64
		{A86D9174-86AA-4F90-A46E-FAB3322F2D1D}.Debug|x64.Build.0 = Debug|x64
		{A86D9174-86AA-4F90-A46E-FAB3322F2D1D}.Release|Any CPU.ActiveCfg = Release|Any CPU
		{A86D9174-86AA-4F90-A46E-FAB3322F2D1D}.Release|Any CPU.Build.0 = Release|Any CPU
		{A86D9174-86AA-4F90-A46E-FAB3322F2D1D}.Release|x64.ActiveCfg = Release|x64
		{A86D9174-86AA-4F90-A46E-FAB3322F2D1D}.Release|x64.Build.0 = Release|x64
		{CA3E8790-298D-4643-A866-9297224B6D2E}.Debug|Any CPU.ActiveCfg = Debug|Any CPU
		{CA3E8790-298D-4643-A866-9297224B6D2E}.Debug|Any CPU.Build.0 = Debug|Any CPU
		{CA3E8790-298D-4643-A866-9297224B6D2E}.Debug|x64.ActiveCfg = Debug|Any CPU
		{CA3E8790-298D-4643-A866-9297224B6D2E}.Debug|x64.Build.0 = Debug|Any CPU
		{CA3E8790-298D-4643-A866-9297224B6D2E}.Release|Any CPU.ActiveCfg = Release|Any CPU
		{CA3E8790-298D-4643-A866-9297224B6D2E}.Release|Any CPU.Build.0 = Release|Any CPU
		{CA3E8790-298D-4643-A866-9297224B6D2E}.Release|x64.ActiveCfg = Release|Any CPU
		{CA3E8790-298D-4643-A866-9297224B6D2E}.Release|x64.Build.0 = Release|Any CPU
		{3A3031E4-3E77-4DBC-A4F9-3AA4D4592700}.Debug|Any CPU.ActiveCfg = Debug|Any CPU
		{3A3031E4-3E77-4DBC-A4F9-3AA4D4592700}.Debug|Any CPU.Build.0 = Debug|Any CPU
		{3A3031E4-3E77-4DBC-A4F9-3AA4D4592700}.Debug|x64.ActiveCfg = Debug|Any CPU
		{3A3031E4-3E77-4DBC-A4F9-3AA4D4592700}.Debug|x64.Build.0 = Debug|Any CPU
		{3A3031E4-3E77-4DBC-A4F9-3AA4D4592700}.Release|Any CPU.ActiveCfg = Release|Any CPU
		{3A3031E4-3E77-4DBC-A4F9-3AA4D4592700}.Release|Any CPU.Build.0 = Release|Any CPU
		{3A3031E4-3E77-4DBC-A4F9-3AA4D4592700}.Release|x64.ActiveCfg = Release|Any CPU
		{3A3031E4-3E77-4DBC-A4F9-3AA4D4592700}.Release|x64.Build.0 = Release|Any CPU
		{A1949C3B-F3AF-444E-B8A4-276EE8B30C41}.Debug|Any CPU.ActiveCfg = Debug|Any CPU
		{A1949C3B-F3AF-444E-B8A4-276EE8B30C41}.Debug|Any CPU.Build.0 = Debug|Any CPU
		{A1949C3B-F3AF-444E-B8A4-276EE8B30C41}.Debug|x64.ActiveCfg = Debug|Any CPU
		{A1949C3B-F3AF-444E-B8A4-276EE8B30C41}.Debug|x64.Build.0 = Debug|Any CPU
		{A1949C3B-F3AF-444E-B8A4-276EE8B30C41}.Release|Any CPU.ActiveCfg = Release|Any CPU
		{A1949C3B-F3AF-444E-B8A4-276EE8B30C41}.Release|Any CPU.Build.0 = Release|Any CPU
		{A1949C3B-F3AF-444E-B8A4-276EE8B30C41}.Release|x64.ActiveCfg = Release|Any CPU
		{A1949C3B-F3AF-444E-B8A4-276EE8B30C41}.Release|x64.Build.0 = Release|Any CPU
	EndGlobalSection
	GlobalSection(SolutionProperties) = preSolution
		HideSolutionNode = FALSE
	EndGlobalSection
	GlobalSection(NestedProjects) = preSolution
		{CA3E8790-298D-4643-A866-9297224B6D2E} = {6552F773-4183-4309-AF3B-DD3AD63BD354}
	EndGlobalSection
	GlobalSection(ExtensibilityGlobals) = postSolution
		SolutionGuid = {8C006C35-7FE9-4D20-A35E-1999398C6A09}
	EndGlobalSection
EndGlobal
